Microsoft Visual Studio Solution File, Format Version 12.00
# Visual Studio Version 17
VisualStudioVersion = 17.5.2.0
MinimumVisualStudioVersion = 10.0.40219.1
Project("{FAE04EC0-301F-11D3-BF4B-00C04F79EFBC}") = "Wraedar", "Wraedar.csproj", "{2D682E25-3B4E-3E59-8AB6-6821A8290C31}"
EndProject
Global
	GlobalSection(SolutionConfigurationPlatforms) = preSolution
		Debug|Any CPU = Debug|Any CPU
		Release|Any CPU = Release|Any CPU
	EndGlobalSection
	GlobalSection(ProjectConfigurationPlatforms) = postSolution
		{2D682E25-3B4E-3E59-8AB6-6821A8290C31}.Debug|Any CPU.ActiveCfg = Debug|Any CPU
		{2D682E25-3B4E-3E59-8AB6-6821A8290C31}.Debug|Any CPU.Build.0 = Debug|Any CPU
		{2D682E25-3B4E-3E59-8AB6-6821A8290C31}.Release|Any CPU.ActiveCfg = Release|Any CPU
		{2D682E25-3B4E-3E59-8AB6-6821A8290C31}.Release|Any CPU.Build.0 = Release|Any CPU
	EndGlobalSection
	GlobalSection(SolutionProperties) = preSolution
		HideSolutionNode = FALSE
	EndGlobalSection
	GlobalSection(ExtensibilityGlobals) = postSolution
		SolutionGuid = {493FB84F-EA62-4ACC-A361-A0C0439BF4D4}
	EndGlobalSection
EndGlobal
